{
    "_readme": [
        "This file locks the dependencies of your project to a known state",
        "Read more about it at https://getcomposer.org/doc/01-basic-usage.md#installing-dependencies",
        "This file is @generated automatically"
    ],
    "content-hash": "f629589dbd3614128352e5435d179e8c",
    "packages": [
        {
            "name": "mathsgod/data-structure",
            "version": "1.0.1",
            "source": {
                "type": "git",
                "url": "https://mathsgod:9df64f890850ef93d948662630d719c3c69da5da@github.com/mathsgod/data-structure.git",
                "reference": "03b72b74e5198f9dfc035b1556efe6c4896a9918"
            },
            "dist": {
                "type": "zip",
                "url": "https://raymond2.hostlink.com.hk/satis/web/dist/mathsgod/data-structure/mathsgod-data-structure-1.0.1-c1c45f.zip",
                "reference": "03b72b74e5198f9dfc035b1556efe6c4896a9918",
                "shasum": "60026eebc3f2a2f78bd4c527842ba9da65f83da3"
            },
            "type": "library",
            "autoload": {
                "psr-4": {
                    "R\\": "src"
                }
            },
            "authors": [
                {
                    "name": "Raymond Chong",
                    "email": "mathsgod@yahoo.com"
                }
            ],
            "description": "Data structure",
            "time": "2019-06-20T04:53:46+00:00"
        },
        {
            "name": "mathsgod/r",
            "version": "3.0.1",
            "source": {
                "type": "git",
                "url": "https://mathsgod:9df64f890850ef93d948662630d719c3c69da5da@github.com/mathsgod/r.git",
                "reference": "7bce29305c049f7aadd97a458ad275f66a153cce"
            },
            "dist": {
                "type": "zip",
                "url": "https://raymond2.hostlink.com.hk/satis/web/dist/mathsgod/r/mathsgod-r-3.0.1-7f65c9.zip",
                "reference": "7bce29305c049f7aadd97a458ad275f66a153cce",
                "shasum": "5891121a37135e7dd20394d1f982bb40a3ad174c"
            },
            "require": {
                "mathsgod/r-psr7": "2.*",
                "php": ">=7.0",
                "psr/log": "*"
            },
            "require-dev": {
                "mathsgod/data-structure": "^1.0",
                "mathsgod/r-db": "^3.0",
                "phpunit/phpunit": "*"
            },
            "suggest": {
                "mathsgod/r-db": "3.*"
            },
            "type": "library",
            "autoload": {
                "psr-4": {
                    "R\\": "src/"
                }
            },
            "license": [
                "proprietary"
            ],
            "authors": [
                {
                    "name": "Raymond Chong",
                    "email": "raymond@hostlink.com.hk"
                }
            ],
            "description": "raymond core",
            "time": "2019-07-09T04:58:39+00:00"
        },
        {
            "name": "mathsgod/r-db",
            "version": "3.1.0",
            "source": {
                "type": "git",
                "url": "https://mathsgod:d97ca44a017f09f662c0761828b0f66caf373415@github.com/mathsgod/r-db.git",
                "reference": "731f0174b140835db454e4c106eaa5576329784b"
            },
            "dist": {
                "type": "zip",
                "url": "https://raymond2.hostlink.com.hk/satis/web/dist/mathsgod/r-db/mathsgod-r-db-3.1.0-310998.zip",
                "reference": "731f0174b140835db454e4c106eaa5576329784b",
                "shasum": "92f7b2fe92f3f4b282b5058dd6e1c5c914bac7ce"
            },
            "require": {
                "ext-pdo": "*",
                "mathsgod/data-structure": "~1.0.1",
                "php": ">=7.0"
            },
            "require-dev": {
                "phpunit/phpunit": "*"
            },
            "type": "library",
            "autoload": {
                "psr-4": {
                    "R\\": "src"
                }
            },
            "license": [
                "proprietary"
            ],
            "authors": [
                {
                    "name": "Raymond Chong"
                }
            ],
            "description": "raymond framework db",
            "time": "2019-11-01T10:07:25+00:00"
        },
        {
            "name": "mathsgod/r-psr7",
            "version": "2.2.4",
            "source": {
                "type": "git",
                "url": "https://mathsgod:9df64f890850ef93d948662630d719c3c69da5da@github.com/mathsgod/r-psr7.git",
                "reference": "7f802036cefd646370c07d1a9bc9362e2e734c49"
            },
            "dist": {
                "type": "zip",
                "url": "https://raymond2.hostlink.com.hk/satis/web/dist/mathsgod/r-psr7/mathsgod-r-psr7-2.2.4-4cd50c.zip",
                "reference": "7f802036cefd646370c07d1a9bc9362e2e734c49",
                "shasum": "840a82d83a29bb4c5a24c3f98bc36914cd4177c9"
            },
            "require": {
                "php": ">=5.6",
                "psr/http-message": "1.*"
            },
            "require-dev": {
                "phpunit/phpunit": "*"
            },
            "type": "library",
            "autoload": {
                "psr-4": {
                    "R\\Psr7\\": "src/"
                },
                "files": [
                    "function/function.php"
                ]
            },
            "license": [
                "proprietary"
            ],
            "description": "psr7",
            "time": "2019-02-13T04:15:40+00:00"
        },
        {
            "name": "psr/http-message",
            "version": "1.0.1",
            "source": {
                "type": "git",
                "url": "https://github.com/php-fig/http-message.git",
                "reference": "f6561bf28d520154e4b0ec72be95418abe6d9363"
            },
            "dist": {
                "type": "zip",
                "url": "https://api.github.com/repos/php-fig/http-message/zipball/f6561bf28d520154e4b0ec72be95418abe6d9363",
                "reference": "f6561bf28d520154e4b0ec72be95418abe6d9363",
                "shasum": ""
            },
            "require": {
                "php": ">=5.3.0"
            },
            "type": "library",
            "extra": {
                "branch-alias": {
                    "dev-master": "1.0.x-dev"
                }
            },
            "autoload": {
                "psr-4": {
                    "Psr\\Http\\Message\\": "src/"
                }
            },
            "notification-url": "https://packagist.org/downloads/",
            "license": [
                "MIT"
            ],
            "authors": [
                {
                    "name": "PHP-FIG",
                    "homepage": "http://www.php-fig.org/"
                }
            ],
            "description": "Common interface for HTTP messages",
            "homepage": "https://github.com/php-fig/http-message",
            "keywords": [
                "http",
                "http-message",
                "psr",
                "psr-7",
                "request",
                "response"
            ],
            "time": "2016-08-06T14:39:51+00:00"
        },
        {
            "name": "psr/log",
            "version": "1.1.2",
            "source": {
                "type": "git",
                "url": "https://github.com/php-fig/log.git",
                "reference": "446d54b4cb6bf489fc9d75f55843658e6f25d801"
            },
            "dist": {
                "type": "zip",
                "url": "https://api.github.com/repos/php-fig/log/zipball/446d54b4cb6bf489fc9d75f55843658e6f25d801",
                "reference": "446d54b4cb6bf489fc9d75f55843658e6f25d801",
                "shasum": ""
            },
            "require": {
                "php": ">=5.3.0"
            },
            "type": "library",
            "extra": {
                "branch-alias": {
                    "dev-master": "1.1.x-dev"
                }
            },
            "autoload": {
                "psr-4": {
                    "Psr\\Log\\": "Psr/Log/"
                }
            },
            "notification-url": "https://packagist.org/downloads/",
            "license": [
                "MIT"
            ],
            "authors": [
                {
                    "name": "PHP-FIG",
                    "homepage": "http://www.php-fig.org/"
                }
            ],
            "description": "Common interface for logging libraries",
            "homepage": "https://github.com/php-fig/log",
            "keywords": [
                "log",
                "psr",
                "psr-3"
            ],
            "time": "2019-11-01T11:05:21+00:00"
        }
    ],
    "packages-dev": [],
    "aliases": [],
    "minimum-stability": "stable",
    "stability-flags": [],
    "prefer-stable": false,
    "prefer-lowest": false,
    "platform": {
        "php": ">=7.0"
    },
    "platform-dev": []
}
